{
    "name": "fhe-module-ts",
    "version": "1.0.0",
    "lockfileVersion": 2,
    "requires": true,
    "packages": {
        "": {
            "name": "fhe-module-ts",
            "version": "1.0.0",
            "license": "MIT",
            "dependencies": {
                "node-seal": "^5.0.0",
                "typescript": "^4.6.4"
            },
            "devDependencies": {}
        },
        "node_modules/node-seal": {
            "version": "5.0.0",
            "resolved": "https://registry.npmjs.org/node-seal/-/node-seal-5.0.0.tgz",
            "integrity": "sha512-+ev8KJFZfy56mE0c1HVyg+LnS8kVKRhSqBVKaLtEtnD/x0J59Y7pWkI52pL/esXEEKxBzdtJkq1lVGEZOzE2cQ=="
        },
        "node_modules/typescript": {
            "version": "4.6.4",
            "resolved": "https://registry.npmjs.org/typescript/-/typescript-4.6.4.tgz",
            "integrity": "sha512-9ia/jWHIEbo49HfjrLGfKbZSuWo9iTMwXO+Ca3pRsSpbsMbc7/IU8NKdCZVRRBafVPGnoJeFL76ZOAA84I9fEg==",
            "bin": {
                "tsc": "bin/tsc",
                "tsserver": "bin/tsserver"
            },
            "engines": {
                "node": ">=4.2.0"
            }
        }
    },
    "dependencies": {
        "node-seal": {
            "version": "5.0.0",
            "resolved": "https://registry.npmjs.org/node-seal/-/node-seal-5.0.0.tgz",
            "integrity": "sha512-+ev8KJFZfy56mE0c1HVyg+LnS8kVKRhSqBVKaLtEtnD/x0J59Y7pWkI52pL/esXEEKxBzdtJkq1lVGEZOzE2cQ=="
        },
        "typescript": {
            "version": "4.6.4",
            "resolved": "https://registry.npmjs.org/typescript/-/typescript-4.6.4.tgz",
            "integrity": "sha512-9ia/jWHIEbo49HfjrLGfKbZSuWo9iTMwXO+Ca3pRsSpbsMbc7/IU8NKdCZVRRBafVPGnoJeFL76ZOAA84I9fEg=="
        }
    }
}
